
Microsoft Visual Studio Solution File, Format Version 12.00
# Visual Studio Version 17
VisualStudioVersion = 17.6.33712.159
MinimumVisualStudioVersion = 10.0.40219.1
Project("{9A19103F-16F7-4668-BE54-9A1E7A4F7556}") = "LBAPI2", "LBAPI2\LBAPI2.csproj", "{DD069405-20AD-4529-B46D-54480229D2AD}"
EndProject
Project("{FAE04EC0-301F-11D3-BF4B-00C04F79EFBC}") = "LBAPI2.Tests", "LBAPI2.Tests\LBAPI2.Tests.csproj", "{2928386A-C794-479E-BEEB-A6A04A94C56F}"
EndProject
Global
	GlobalSection(SolutionConfigurationPlatforms) = preSolution
		Debug|Any CPU = Debug|Any CPU
		Release|Any CPU = Release|Any CPU
	EndGlobalSection
	GlobalSection(ProjectConfigurationPlatforms) = postSolution
		{DD069405-20AD-4529-B46D-54480229D2AD}.Debug|Any CPU.ActiveCfg = Debug|Any CPU
		{DD069405-20AD-4529-B46D-54480229D2AD}.Debug|Any CPU.Build.0 = Debug|Any CPU
		{DD069405-20AD-4529-B46D-54480229D2AD}.Release|Any CPU.ActiveCfg = Release|Any CPU
		{DD069405-20AD-4529-B46D-54480229D2AD}.Release|Any CPU.Build.0 = Release|Any CPU
		{2928386A-C794-479E-BEEB-A6A04A94C56F}.Debug|Any CPU.ActiveCfg = Debug|Any CPU
		{2928386A-C794-479E-BEEB-A6A04A94C56F}.Debug|Any CPU.Build.0 = Debug|Any CPU
		{2928386A-C794-479E-BEEB-A6A04A94C56F}.Release|Any CPU.ActiveCfg = Release|Any CPU
		{2928386A-C794-479E-BEEB-A6A04A94C56F}.Release|Any CPU.Build.0 = Release|Any CPU
	EndGlobalSection
	GlobalSection(SolutionProperties) = preSolution
		HideSolutionNode = FALSE
	EndGlobalSection
	GlobalSection(ExtensibilityGlobals) = postSolution
		SolutionGuid = {F5583BE0-EFC4-49BA-BA39-185A9A0F6D95}
	EndGlobalSection
EndGlobal
